
Microsoft Visual Studio Solution File, Format Version 12.00
# Visual Studio Version 16
VisualStudioVersion = 16.0.29911.84
MinimumVisualStudioVersion = 10.0.40219.1
Project("{FAE04EC0-301F-11D3-BF4B-00C04F79EFBC}") = "EyeOnThePi", "EyeOnThePi\EyeOnThePi.csproj", "{771EC628-2212-4243-A147-19CA01A004CB}"
EndProject
Global
	GlobalSection(SolutionConfigurationPlatforms) = preSolution
		Debug|Any CPU = Debug|Any CPU
		Release|Any CPU = Release|Any CPU
	EndGlobalSection
	GlobalSection(ProjectConfigurationPlatforms) = postSolution
		{771EC628-2212-4243-A147-19CA01A004CB}.Debug|Any CPU.ActiveCfg = Debug|Any CPU
		{771EC628-2212-4243-A147-19CA01A004CB}.Debug|Any CPU.Build.0 = Debug|Any CPU
		{771EC628-2212-4243-A147-19CA01A004CB}.Release|Any CPU.ActiveCfg = Release|Any CPU
		{771EC628-2212-4243-A147-19CA01A004CB}.Release|Any CPU.Build.0 = Release|Any CPU
	EndGlobalSection
	GlobalSection(SolutionProperties) = preSolution
		HideSolutionNode = FALSE
	EndGlobalSection
	GlobalSection(ExtensibilityGlobals) = postSolution
		SolutionGuid = {01AFE9DB-4B2D-4AB5-A596-C93C44C009C1}
	EndGlobalSection
EndGlobal
